
Microsoft Visual Studio Solution File, Format Version 12.00
# Visual Studio Version 17
VisualStudioVersion = 17.14.36310.24 d17.14
MinimumVisualStudioVersion = 10.0.40219.1
Project("{FAE04EC0-301F-11D3-BF4B-00C04F79EFBC}") = "TotalUntilStopWord", "TotalUntilStopWord.csproj", "{DACD70B3-4CCC-4F21-B57B-5F73105F38BE}"
EndProject
Global
	GlobalSection(SolutionConfigurationPlatforms) = preSolution
		Debug|Any CPU = Debug|Any CPU
		Release|Any CPU = Release|Any CPU
	EndGlobalSection
	GlobalSection(ProjectConfigurationPlatforms) = postSolution
		{DACD70B3-4CCC-4F21-B57B-5F73105F38BE}.Debug|Any CPU.ActiveCfg = Debug|Any CPU
		{DACD70B3-4CCC-4F21-B57B-5F73105F38BE}.Debug|Any CPU.Build.0 = Debug|Any CPU
		{DACD70B3-4CCC-4F21-B57B-5F73105F38BE}.Release|Any CPU.ActiveCfg = Release|Any CPU
		{DACD70B3-4CCC-4F21-B57B-5F73105F38BE}.Release|Any CPU.Build.0 = Release|Any CPU
	EndGlobalSection
	GlobalSection(SolutionProperties) = preSolution
		HideSolutionNode = FALSE
	EndGlobalSection
	GlobalSection(ExtensibilityGlobals) = postSolution
		SolutionGuid = {8DFBF6F5-08E3-4904-910B-5F9BF10EF204}
	EndGlobalSection
EndGlobal
